
Microsoft Visual Studio Solution File, Format Version 12.00
# Visual Studio Version 17
VisualStudioVersion = 17.7.34031.279
MinimumVisualStudioVersion = 10.0.40219.1
Project("{F184B08F-C81C-45F6-A57F-5ABD9991F28F}") = "Juego_Adivinanza", "Juego_Adivinanza\Juego_Adivinanza.vbproj", "{9C91ABDA-338C-4BBE-9296-69FA32A5D6E8}"
EndProject
Global
	GlobalSection(SolutionConfigurationPlatforms) = preSolution
		Debug|Any CPU = Debug|Any CPU
		Release|Any CPU = Release|Any CPU
	EndGlobalSection
	GlobalSection(ProjectConfigurationPlatforms) = postSolution
		{9C91ABDA-338C-4BBE-9296-69FA32A5D6E8}.Debug|Any CPU.ActiveCfg = Debug|Any CPU
		{9C91ABDA-338C-4BBE-9296-69FA32A5D6E8}.Debug|Any CPU.Build.0 = Debug|Any CPU
		{9C91ABDA-338C-4BBE-9296-69FA32A5D6E8}.Release|Any CPU.ActiveCfg = Release|Any CPU
		{9C91ABDA-338C-4BBE-9296-69FA32A5D6E8}.Release|Any CPU.Build.0 = Release|Any CPU
	EndGlobalSection
	GlobalSection(SolutionProperties) = preSolution
		HideSolutionNode = FALSE
	EndGlobalSection
	GlobalSection(ExtensibilityGlobals) = postSolution
		SolutionGuid = {ED2715EC-9E87-4B30-AA37-3CE76AD988CF}
	EndGlobalSection
EndGlobal
